
Microsoft Visual Studio Solution File, Format Version 12.00
# Visual Studio Version 17
VisualStudioVersion = 17.13.35825.156 d17.13
MinimumVisualStudioVersion = 10.0.40219.1
Project("{FAE04EC0-301F-11D3-BF4B-00C04F79EFBC}") = "SISTEMMANAJEMENKARYAWAN", "SISTEMMANAJEMENKARYAWAN.csproj", "{2DC0A23D-37A8-4E20-9B95-388A75C1BD4B}"
EndProject
Global
	GlobalSection(SolutionConfigurationPlatforms) = preSolution
		Debug|Any CPU = Debug|Any CPU
		Release|Any CPU = Release|Any CPU
	EndGlobalSection
	GlobalSection(ProjectConfigurationPlatforms) = postSolution
		{2DC0A23D-37A8-4E20-9B95-388A75C1BD4B}.Debug|Any CPU.ActiveCfg = Debug|Any CPU
		{2DC0A23D-37A8-4E20-9B95-388A75C1BD4B}.Debug|Any CPU.Build.0 = Debug|Any CPU
		{2DC0A23D-37A8-4E20-9B95-388A75C1BD4B}.Release|Any CPU.ActiveCfg = Release|Any CPU
		{2DC0A23D-37A8-4E20-9B95-388A75C1BD4B}.Release|Any CPU.Build.0 = Release|Any CPU
	EndGlobalSection
	GlobalSection(SolutionProperties) = preSolution
		HideSolutionNode = FALSE
	EndGlobalSection
	GlobalSection(ExtensibilityGlobals) = postSolution
		SolutionGuid = {D66FE1F9-A09C-4097-913B-3B6A0207D76B}
	EndGlobalSection
EndGlobal
